
Microsoft Visual Studio Solution File, Format Version 12.00
# Visual Studio 2013
VisualStudioVersion = 12.0.21005.1
MinimumVisualStudioVersion = 10.0.40219.1
Project("{2150E333-8FDC-42A3-9474-1A3956D46DE8}") = "Business", "Business", "{668FF19B-F7F9-46DE-9B63-5D765B4B2C35}"
EndProject
Project("{2150E333-8FDC-42A3-9474-1A3956D46DE8}") = "Data", "Data", "{EDAF1BAE-1717-4987-B28D-155F692CA627}"
EndProject
Project("{2150E333-8FDC-42A3-9474-1A3956D46DE8}") = "Presentation", "Presentation", "{C0D49F94-3780-4AE7-8858-1DBD50746064}"
EndProject
Project("{FAE04EC0-301F-11D3-BF4B-00C04F79EFBC}") = "CyberErp.Business.Component.Iffs", "CyberErp.Business.Component.Iffs\CyberErp.Business.Component.Iffs.csproj", "{82B8911E-298B-4A49-9948-1CBB17CA3734}"
EndProject
Project("{FAE04EC0-301F-11D3-BF4B-00C04F79EFBC}") = "CyberErp.Data.Infrastructure", "CyberErp.Data.Infrastructure\CyberErp.Data.Infrastructure.csproj", "{30C955A1-56CF-4ECD-A73D-30B1CC0E354C}"
EndProject
Project("{FAE04EC0-301F-11D3-BF4B-00C04F79EFBC}") = "CyberErp.Data.Model", "CyberErp.Data.Model\CyberErp.Data.Model.csproj", "{73F4BC32-7EB4-40F1-8A1E-BC500E663813}"
EndProject
Project("{FAE04EC0-301F-11D3-BF4B-00C04F79EFBC}") = "CyberErp.Presentation.Iffs.Web", "CyberErp.Presentation.Iffs.Web\CyberErp.Presentation.Iffs.Web.csproj", "{28F01729-6C22-4B45-9EF9-BA336945D062}"
EndProject
Global
	GlobalSection(SolutionConfigurationPlatforms) = preSolution
		Debug|Any CPU = Debug|Any CPU
		Release|Any CPU = Release|Any CPU
	EndGlobalSection
	GlobalSection(ProjectConfigurationPlatforms) = postSolution
		{82B8911E-298B-4A49-9948-1CBB17CA3734}.Debug|Any CPU.ActiveCfg = Debug|Any CPU
		{82B8911E-298B-4A49-9948-1CBB17CA3734}.Debug|Any CPU.Build.0 = Debug|Any CPU
		{82B8911E-298B-4A49-9948-1CBB17CA3734}.Release|Any CPU.ActiveCfg = Release|Any CPU
		{82B8911E-298B-4A49-9948-1CBB17CA3734}.Release|Any CPU.Build.0 = Release|Any CPU
		{30C955A1-56CF-4ECD-A73D-30B1CC0E354C}.Debug|Any CPU.ActiveCfg = Debug|Any CPU
		{30C955A1-56CF-4ECD-A73D-30B1CC0E354C}.Debug|Any CPU.Build.0 = Debug|Any CPU
		{30C955A1-56CF-4ECD-A73D-30B1CC0E354C}.Release|Any CPU.ActiveCfg = Release|Any CPU
		{30C955A1-56CF-4ECD-A73D-30B1CC0E354C}.Release|Any CPU.Build.0 = Release|Any CPU
		{73F4BC32-7EB4-40F1-8A1E-BC500E663813}.Debug|Any CPU.ActiveCfg = Debug|Any CPU
		{73F4BC32-7EB4-40F1-8A1E-BC500E663813}.Debug|Any CPU.Build.0 = Debug|Any CPU
		{73F4BC32-7EB4-40F1-8A1E-BC500E663813}.Release|Any CPU.ActiveCfg = Release|Any CPU
		{73F4BC32-7EB4-40F1-8A1E-BC500E663813}.Release|Any CPU.Build.0 = Release|Any CPU
		{28F01729-6C22-4B45-9EF9-BA336945D062}.Debug|Any CPU.ActiveCfg = Debug|Any CPU
		{28F01729-6C22-4B45-9EF9-BA336945D062}.Debug|Any CPU.Build.0 = Debug|Any CPU
		{28F01729-6C22-4B45-9EF9-BA336945D062}.Release|Any CPU.ActiveCfg = Release|Any CPU
		{28F01729-6C22-4B45-9EF9-BA336945D062}.Release|Any CPU.Build.0 = Release|Any CPU
	EndGlobalSection
	GlobalSection(SolutionProperties) = preSolution
		HideSolutionNode = FALSE
	EndGlobalSection
	GlobalSection(NestedProjects) = preSolution
		{82B8911E-298B-4A49-9948-1CBB17CA3734} = {668FF19B-F7F9-46DE-9B63-5D765B4B2C35}
		{30C955A1-56CF-4ECD-A73D-30B1CC0E354C} = {EDAF1BAE-1717-4987-B28D-155F692CA627}
		{73F4BC32-7EB4-40F1-8A1E-BC500E663813} = {EDAF1BAE-1717-4987-B28D-155F692CA627}
		{28F01729-6C22-4B45-9EF9-BA336945D062} = {C0D49F94-3780-4AE7-8858-1DBD50746064}
	EndGlobalSection
EndGlobal
